github.com/clarketm/json v1.17.1 h1:U1IxjqJkJ7bRK4L6dyphmoO840P6bdhPdbbLySourqI=
github.com/clarketm/json v1.17.1/go.mod h1:ynr2LRfb0fQU34l07csRNBTcivjySLLiY1YzQqKVfdo=
github.com/gmichels/adguard-client-go v0.9.0 h1:pUlOgbrboydMA1Rvd7JckTfyY8NH3ATRi0OCcO386As=
github.com/gmichels/adguard-client-go v0.9.0/go.mod h1:e/aasBtY19OZ/gnxt0J4xvbbRtJUyk03Jfi7R6ayBz4=
github.com/joho/godotenv v1.5.1 h1:7eLL/+HRGLY0ldzfGMeQkb7vMd0as4CfYvUVzLqw0N0=
github.com/joho/godotenv v1.5.1/go.mod h1:f4LDr5Voq0i2e/R5DDNOoa2zzDfwtkZa6DnEwAbqwq4=
github.com/leganck/dnspod-go v0.4.1 h1:fmBF1Qv1uI/PpLrYyKRfMGZg3RxUDiPJWvZjEcHAUhQ=
github.com/leganck/dnspod-go v0.4.1/go.mod h1:MWGk86gNLAdb3hd/8YWXpusYP3wVcAemAecOC4p9Er8=
golang.org/x/net v0.28.0 h1:a9JDOJc5GMUJ0+UDqmLT86WiEy7iWyIhz8gz8E4e5hE=
golang.org/x/net v0.28.0/go.mod h1:yqtgsTWOOnlGLG9GFRrK3++bGOUEkNBoHZc8MEDWPNg=
